
Microsoft Visual Studio Solution File, Format Version 12.00
# Visual Studio Version 16
VisualStudioVersion = 16.0.28922.388
MinimumVisualStudioVersion = 10.0.40219.1
Project("{FAE04EC0-301F-11D3-BF4B-00C04F79EFBC}") = "WCDataConnector", "WCDataConnector\WCDataConnector.csproj", "{DDC5EA9E-4190-4AF5-B3FD-1A90F83D8DB3}"
EndProject
Global
	GlobalSection(SolutionConfigurationPlatforms) = preSolution
		Debug|Any CPU = Debug|Any CPU
		Release|Any CPU = Release|Any CPU
	EndGlobalSection
	GlobalSection(ProjectConfigurationPlatforms) = postSolution
		{DDC5EA9E-4190-4AF5-B3FD-1A90F83D8DB3}.Debug|Any CPU.ActiveCfg = Debug|Any CPU
		{DDC5EA9E-4190-4AF5-B3FD-1A90F83D8DB3}.Debug|Any CPU.Build.0 = Debug|Any CPU
		{DDC5EA9E-4190-4AF5-B3FD-1A90F83D8DB3}.Release|Any CPU.ActiveCfg = Release|Any CPU
		{DDC5EA9E-4190-4AF5-B3FD-1A90F83D8DB3}.Release|Any CPU.Build.0 = Release|Any CPU
	EndGlobalSection
	GlobalSection(SolutionProperties) = preSolution
		HideSolutionNode = FALSE
	EndGlobalSection
	GlobalSection(ExtensibilityGlobals) = postSolution
		SolutionGuid = {65780C4D-B919-4FE8-8E53-4BE34E44CF3E}
	EndGlobalSection
EndGlobal
